
Microsoft Visual Studio Solution File, Format Version 12.00
# Visual Studio 2012
Project("{FAE04EC0-301F-11D3-BF4B-00C04F79EFBC}") = "CodeHighlighter", "CodeHighlighter\CodeHighlighter.csproj", "{9E0B2F89-A591-40E7-BD52-EB2CC1B8193C}"
EndProject
Project("{FAE04EC0-301F-11D3-BF4B-00C04F79EFBC}") = "CodeHighlighter.Runner", "CodeHighlighter.Runner\CodeHighlighter.Runner.csproj", "{76E30090-C798-4629-84B5-A17007607551}"
EndProject
Project("{FAE04EC0-301F-11D3-BF4B-00C04F79EFBC}") = "CodeHighlighter.Tests", "CodeHighlighter.Tests\CodeHighlighter.Tests.csproj", "{B93A1CBE-6CE8-4CD9-AE0D-02300834D772}"
EndProject
Global
	GlobalSection(SolutionConfigurationPlatforms) = preSolution
		Debug|Any CPU = Debug|Any CPU
		Release|Any CPU = Release|Any CPU
	EndGlobalSection
	GlobalSection(ProjectConfigurationPlatforms) = postSolution
		{9E0B2F89-A591-40E7-BD52-EB2CC1B8193C}.Debug|Any CPU.ActiveCfg = Debug|Any CPU
		{9E0B2F89-A591-40E7-BD52-EB2CC1B8193C}.Debug|Any CPU.Build.0 = Debug|Any CPU
		{9E0B2F89-A591-40E7-BD52-EB2CC1B8193C}.Release|Any CPU.ActiveCfg = Release|Any CPU
		{9E0B2F89-A591-40E7-BD52-EB2CC1B8193C}.Release|Any CPU.Build.0 = Release|Any CPU
		{76E30090-C798-4629-84B5-A17007607551}.Debug|Any CPU.ActiveCfg = Debug|Any CPU
		{76E30090-C798-4629-84B5-A17007607551}.Debug|Any CPU.Build.0 = Debug|Any CPU
		{76E30090-C798-4629-84B5-A17007607551}.Release|Any CPU.ActiveCfg = Release|Any CPU
		{76E30090-C798-4629-84B5-A17007607551}.Release|Any CPU.Build.0 = Release|Any CPU
		{B93A1CBE-6CE8-4CD9-AE0D-02300834D772}.Debug|Any CPU.ActiveCfg = Debug|Any CPU
		{B93A1CBE-6CE8-4CD9-AE0D-02300834D772}.Debug|Any CPU.Build.0 = Debug|Any CPU
		{B93A1CBE-6CE8-4CD9-AE0D-02300834D772}.Release|Any CPU.ActiveCfg = Release|Any CPU
		{B93A1CBE-6CE8-4CD9-AE0D-02300834D772}.Release|Any CPU.Build.0 = Release|Any CPU
	EndGlobalSection
	GlobalSection(SolutionProperties) = preSolution
		HideSolutionNode = FALSE
	EndGlobalSection
EndGlobal
